// !$*UTF8*$!
{
	archiveVersion = 1;
	classes = {
	};
	objectVersion = 56;
	objects = {

/* Begin PBXBuildFile section */
		EC2579AA29B6198D003A158F /* FooterView.swift in Sources */ = {isa = PBXBuildFile; fileRef = EC2579A929B6198D003A158F /* FooterView.swift */; };
		EC2579AC29B61E32003A158F /* NavigationBarView.swift in Sources */ = {isa = PBXBuildFile; fileRef = EC2579AB29B61E32003A158F /* NavigationBarView.swift */; };
		EC2579AE29B61FB5003A158F /* LogoView.swift in Sources */ = {isa = PBXBuildFile; fileRef = EC2579AD29B61FB5003A158F /* LogoView.swift */; };
		EC2579B029B624EC003A158F /* PlayerModel.swift in Sources */ = {isa = PBXBuildFile; fileRef = EC2579AF29B624EC003A158F /* PlayerModel.swift */; };
		EC2579B229B6252F003A158F /* CodableBundleExtension.swift in Sources */ = {isa = PBXBuildFile; fileRef = EC2579B129B6252F003A158F /* CodableBundleExtension.swift */; };
		EC2579B429B62576003A158F /* FeaturedItemView.swift in Sources */ = {isa = PBXBuildFile; fileRef = EC2579B329B62576003A158F /* FeaturedItemView.swift */; };
		EC2579B629B626E5003A158F /* FeaturedTabView.swift in Sources */ = {isa = PBXBuildFile; fileRef = EC2579B529B626E5003A158F /* FeaturedTabView.swift */; };
		EC2579B829B696CF003A158F /* CategoryModel.swift in Sources */ = {isa = PBXBuildFile; fileRef = EC2579B729B696CF003A158F /* CategoryModel.swift */; };
		EC2579BA29B6982D003A158F /* CategoryitemVIew.swift in Sources */ = {isa = PBXBuildFile; fileRef = EC2579B929B6982D003A158F /* CategoryitemVIew.swift */; };
		EC2579BC29B69A5D003A158F /* CategoryGridView.swift in Sources */ = {isa = PBXBuildFile; fileRef = EC2579BB29B69A5D003A158F /* CategoryGridView.swift */; };
		EC2579BE29B69E93003A158F /* SectionView.swift in Sources */ = {isa = PBXBuildFile; fileRef = EC2579BD29B69E93003A158F /* SectionView.swift */; };
		EC2579C029B6A262003A158F /* TitleView.swift in Sources */ = {isa = PBXBuildFile; fileRef = EC2579BF29B6A262003A158F /* TitleView.swift */; };
		EC2579C429B6A369003A158F /* ProductModel.swift in Sources */ = {isa = PBXBuildFile; fileRef = EC2579C329B6A369003A158F /* ProductModel.swift */; };
		EC2579C629B6A3EE003A158F /* ProductItemView.swift in Sources */ = {isa = PBXBuildFile; fileRef = EC2579C529B6A3EE003A158F /* ProductItemView.swift */; };
		EC2579C829B6AF49003A158F /* BrandModel.swift in Sources */ = {isa = PBXBuildFile; fileRef = EC2579C729B6AF49003A158F /* BrandModel.swift */; };
		EC2579CA29B6AFA6003A158F /* BrandItemView.swift in Sources */ = {isa = PBXBuildFile; fileRef = EC2579C929B6AFA6003A158F /* BrandItemView.swift */; };
		EC2579CC29B6B06E003A158F /* BrandGridView.swift in Sources */ = {isa = PBXBuildFile; fileRef = EC2579CB29B6B06E003A158F /* BrandGridView.swift */; };
		EC2579CE29B754D6003A158F /* ProductDetailView.swift in Sources */ = {isa = PBXBuildFile; fileRef = EC2579CD29B754D6003A158F /* ProductDetailView.swift */; };
		EC2579D029B75653003A158F /* NavigationBarDetailView.swift in Sources */ = {isa = PBXBuildFile; fileRef = EC2579CF29B75653003A158F /* NavigationBarDetailView.swift */; };
		EC2579D229B75741003A158F /* HeaderDetailView.swift in Sources */ = {isa = PBXBuildFile; fileRef = EC2579D129B75741003A158F /* HeaderDetailView.swift */; };
		EC2579D429B75A5A003A158F /* TopBarDetailView.swift in Sources */ = {isa = PBXBuildFile; fileRef = EC2579D329B75A5A003A158F /* TopBarDetailView.swift */; };
		EC2579D629B773E0003A158F /* CustomShape.swift in Sources */ = {isa = PBXBuildFile; fileRef = EC2579D529B773E0003A158F /* CustomShape.swift */; };
		EC2579D829B77DB1003A158F /* RatingsSizesDetailView.swift in Sources */ = {isa = PBXBuildFile; fileRef = EC2579D729B77DB1003A158F /* RatingsSizesDetailView.swift */; };
		EC2579DA29B78491003A158F /* QantityFavoriteDetailVIew.swift in Sources */ = {isa = PBXBuildFile; fileRef = EC2579D929B78491003A158F /* QantityFavoriteDetailVIew.swift */; };
		EC2579DC29B78BC1003A158F /* AddToCardDetailView.swift in Sources */ = {isa = PBXBuildFile; fileRef = EC2579DB29B78BC1003A158F /* AddToCardDetailView.swift */; };
		EC2579DE29B7DB7F003A158F /* Shop.swift in Sources */ = {isa = PBXBuildFile; fileRef = EC2579DD29B7DB7F003A158F /* Shop.swift */; };
		EC28D55D29B60DCD0033DEE4 /* TouchdownApp.swift in Sources */ = {isa = PBXBuildFile; fileRef = EC28D55C29B60DCD0033DEE4 /* TouchdownApp.swift */; };
		EC28D55F29B60DCD0033DEE4 /* ContentView.swift in Sources */ = {isa = PBXBuildFile; fileRef = EC28D55E29B60DCD0033DEE4 /* ContentView.swift */; };
		EC28D56129B60DCF0033DEE4 /* Assets.xcassets in Resources */ = {isa = PBXBuildFile; fileRef = EC28D56029B60DCF0033DEE4 /* Assets.xcassets */; };
		EC28D56429B60DCF0033DEE4 /* Preview Assets.xcassets in Resources */ = {isa = PBXBuildFile; fileRef = EC28D56329B60DCF0033DEE4 /* Preview Assets.xcassets */; };
		EC28D56F29B60EF50033DEE4 /* player.json in Resources */ = {isa = PBXBuildFile; fileRef = EC28D56B29B60EF40033DEE4 /* player.json */; };
		EC28D57029B60EF50033DEE4 /* product.json in Resources */ = {isa = PBXBuildFile; fileRef = EC28D56C29B60EF40033DEE4 /* product.json */; };
		EC28D57129B60EF50033DEE4 /* category.json in Resources */ = {isa = PBXBuildFile; fileRef = EC28D56D29B60EF40033DEE4 /* category.json */; };
		EC28D57229B60EF50033DEE4 /* brand.json in Resources */ = {isa = PBXBuildFile; fileRef = EC28D56E29B60EF50033DEE4 /* brand.json */; };
		EC28D57C29B610710033DEE4 /* Constant.swift in Sources */ = {isa = PBXBuildFile; fileRef = EC28D57B29B610710033DEE4 /* Constant.swift */; };
/* End PBXBuildFile section */

/* Begin PBXFileReference section */
		EC2579A929B6198D003A158F /* FooterView.swift */ = {isa = PBXFileReference; lastKnownFileType = sourcecode.swift; path = FooterView.swift; sourceTree = "<group>"; };
		EC2579AB29B61E32003A158F /* NavigationBarView.swift */ = {isa = PBXFileReference; lastKnownFileType = sourcecode.swift; path = NavigationBarView.swift; sourceTree = "<group>"; };
		EC2579AD29B61FB5003A158F /* LogoView.swift */ = {isa = PBXFileReference; lastKnownFileType = sourcecode.swift; path = LogoView.swift; sourceTree = "<group>"; };
		EC2579AF29B624EC003A158F /* PlayerModel.swift */ = {isa = PBXFileReference; lastKnownFileType = sourcecode.swift; path = PlayerModel.swift; sourceTree = "<group>"; };
		EC2579B129B6252F003A158F /* CodableBundleExtension.swift */ = {isa = PBXFileReference; fileEncoding = 4; lastKnownFileType = sourcecode.swift; path = CodableBundleExtension.swift; sourceTree = "<group>"; };
		EC2579B329B62576003A158F /* FeaturedItemView.swift */ = {isa = PBXFileReference; lastKnownFileType = sourcecode.swift; path = FeaturedItemView.swift; sourceTree = "<group>"; };
		EC2579B529B626E5003A158F /* FeaturedTabView.swift */ = {isa = PBXFileReference; lastKnownFileType = sourcecode.swift; path = FeaturedTabView.swift; sourceTree = "<group>"; };
		EC2579B729B696CF003A158F /* CategoryModel.swift */ = {isa = PBXFileReference; lastKnownFileType = sourcecode.swift; path = CategoryModel.swift; sourceTree = "<group>"; };
		EC2579B929B6982D003A158F /* CategoryitemVIew.swift */ = {isa = PBXFileReference; lastKnownFileType = sourcecode.swift; path = CategoryitemVIew.swift; sourceTree = "<group>"; };
		EC2579BB29B69A5D003A158F /* CategoryGridView.swift */ = {isa = PBXFileReference; lastKnownFileType = sourcecode.swift; path = CategoryGridView.swift; sourceTree = "<group>"; };
		EC2579BD29B69E93003A158F /* SectionView.swift */ = {isa = PBXFileReference; lastKnownFileType = sourcecode.swift; path = SectionView.swift; sourceTree = "<group>"; };
		EC2579BF29B6A262003A158F /* TitleView.swift */ = {isa = PBXFileReference; lastKnownFileType = sourcecode.swift; path = TitleView.swift; sourceTree = "<group>"; };
		EC2579C329B6A369003A158F /* ProductModel.swift */ = {isa = PBXFileReference; lastKnownFileType = sourcecode.swift; path = ProductModel.swift; sourceTree = "<group>"; };
		EC2579C529B6A3EE003A158F /* ProductItemView.swift */ = {isa = PBXFileReference; lastKnownFileType = sourcecode.swift; path = ProductItemView.swift; sourceTree = "<group>"; };
		EC2579C729B6AF49003A158F /* BrandModel.swift */ = {isa = PBXFileReference; lastKnownFileType = sourcecode.swift; path = BrandModel.swift; sourceTree = "<group>"; };
		EC2579C929B6AFA6003A158F /* BrandItemView.swift */ = {isa = PBXFileReference; lastKnownFileType = sourcecode.swift; path = BrandItemView.swift; sourceTree = "<group>"; };
		EC2579CB29B6B06E003A158F /* BrandGridView.swift */ = {isa = PBXFileReference; lastKnownFileType = sourcecode.swift; path = BrandGridView.swift; sourceTree = "<group>"; };
		EC2579CD29B754D6003A158F /* ProductDetailView.swift */ = {isa = PBXFileReference; lastKnownFileType = sourcecode.swift; path = ProductDetailView.swift; sourceTree = "<group>"; };
		EC2579CF29B75653003A158F /* NavigationBarDetailView.swift */ = {isa = PBXFileReference; lastKnownFileType = sourcecode.swift; path = NavigationBarDetailView.swift; sourceTree = "<group>"; };
		EC2579D129B75741003A158F /* HeaderDetailView.swift */ = {isa = PBXFileReference; lastKnownFileType = sourcecode.swift; path = HeaderDetailView.swift; sourceTree = "<group>"; };
		EC2579D329B75A5A003A158F /* TopBarDetailView.swift */ = {isa = PBXFileReference; lastKnownFileType = sourcecode.swift; path = TopBarDetailView.swift; sourceTree = "<group>"; };
		EC2579D529B773E0003A158F /* CustomShape.swift */ = {isa = PBXFileReference; lastKnownFileType = sourcecode.swift; path = CustomShape.swift; sourceTree = "<group>"; };
		EC2579D729B77DB1003A158F /* RatingsSizesDetailView.swift */ = {isa = PBXFileReference; lastKnownFileType = sourcecode.swift; path = RatingsSizesDetailView.swift; sourceTree = "<group>"; };
		EC2579D929B78491003A158F /* QantityFavoriteDetailVIew.swift */ = {isa = PBXFileReference; lastKnownFileType = sourcecode.swift; path = QantityFavoriteDetailVIew.swift; sourceTree = "<group>"; };
		EC2579DB29B78BC1003A158F /* AddToCardDetailView.swift */ = {isa = PBXFileReference; lastKnownFileType = sourcecode.swift; path = AddToCardDetailView.swift; sourceTree = "<group>"; };
		EC2579DD29B7DB7F003A158F /* Shop.swift */ = {isa = PBXFileReference; lastKnownFileType = sourcecode.swift; path = Shop.swift; sourceTree = "<group>"; };
		EC28D55929B60DCD0033DEE4 /* Touchdown.app */ = {isa = PBXFileReference; explicitFileType = wrapper.application; includeInIndex = 0; path = Touchdown.app; sourceTree = BUILT_PRODUCTS_DIR; };
		EC28D55C29B60DCD0033DEE4 /* TouchdownApp.swift */ = {isa = PBXFileReference; lastKnownFileType = sourcecode.swift; path = TouchdownApp.swift; sourceTree = "<group>"; };
		EC28D55E29B60DCD0033DEE4 /* ContentView.swift */ = {isa = PBXFileReference; lastKnownFileType = sourcecode.swift; path = ContentView.swift; sourceTree = "<group>"; };
		EC28D56029B60DCF0033DEE4 /* Assets.xcassets */ = {isa = PBXFileReference; lastKnownFileType = folder.assetcatalog; path = Assets.xcassets; sourceTree = "<group>"; };
		EC28D56329B60DCF0033DEE4 /* Preview Assets.xcassets */ = {isa = PBXFileReference; lastKnownFileType = folder.assetcatalog; path = "Preview Assets.xcassets"; sourceTree = "<group>"; };
		EC28D56B29B60EF40033DEE4 /* player.json */ = {isa = PBXFileReference; fileEncoding = 4; lastKnownFileType = text.json; path = player.json; sourceTree = "<group>"; };
		EC28D56C29B60EF40033DEE4 /* product.json */ = {isa = PBXFileReference; fileEncoding = 4; lastKnownFileType = text.json; path = product.json; sourceTree = "<group>"; };
		EC28D56D29B60EF40033DEE4 /* category.json */ = {isa = PBXFileReference; fileEncoding = 4; lastKnownFileType = text.json; path = category.json; sourceTree = "<group>"; };
		EC28D56E29B60EF50033DEE4 /* brand.json */ = {isa = PBXFileReference; fileEncoding = 4; lastKnownFileType = text.json; path = brand.json; sourceTree = "<group>"; };
		EC28D57329B60F480033DEE4 /* Info.plist */ = {isa = PBXFileReference; lastKnownFileType = text.plist; path = Info.plist; sourceTree = "<group>"; };
		EC28D57B29B610710033DEE4 /* Constant.swift */ = {isa = PBXFileReference; lastKnownFileType = sourcecode.swift; path = Constant.swift; sourceTree = "<group>"; };
/* End PBXFileReference section */

/* Begin PBXFrameworksBuildPhase section */
		EC28D55629B60DCD0033DEE4 /* Frameworks */ = {
			isa = PBXFrameworksBuildPhase;
			buildActionMask = 2147483647;
			files = (
			);
			runOnlyForDeploymentPostprocessing = 0;
		};
/* End PBXFrameworksBuildPhase section */

/* Begin PBXGroup section */
		EC28D55029B60DCD0033DEE4 = {
			isa = PBXGroup;
			children = (
				EC28D55A29B60DCD0033DEE4 /* Products */,
				EC28D55B29B60DCD0033DEE4 /* Touchdown */,
			);
			sourceTree = "<group>";
		};
		EC28D55A29B60DCD0033DEE4 /* Products */ = {
			isa = PBXGroup;
			children = (
				EC28D55929B60DCD0033DEE4 /* Touchdown.app */,
			);
			name = Products;
			sourceTree = "<group>";
		};
		EC28D55B29B60DCD0033DEE4 /* Touchdown */ = {
			isa = PBXGroup;
			children = (
				EC28D57429B60FCF0033DEE4 /* App */,
				EC28D56029B60DCF0033DEE4 /* Assets.xcassets */,
				EC28D56A29B60EE20033DEE4 /* Data */,
				EC28D57929B60FFE0033DEE4 /* Extension */,
				EC28D57329B60F480033DEE4 /* Info.plist */,
				EC28D57829B60FF80033DEE4 /* Model */,
				EC28D56229B60DCF0033DEE4 /* Preview Content */,
				EC28D57A29B610050033DEE4 /* Utility */,
				EC28D57529B60FD90033DEE4 /* View */,
			);
			path = Touchdown;
			sourceTree = "<group>";
		};
		EC28D56229B60DCF0033DEE4 /* Preview Content */ = {
			isa = PBXGroup;
			children = (
				EC28D56329B60DCF0033DEE4 /* Preview Assets.xcassets */,
			);
			path = "Preview Content";
			sourceTree = "<group>";
		};
		EC28D56A29B60EE20033DEE4 /* Data */ = {
			isa = PBXGroup;
			children = (
				EC28D56E29B60EF50033DEE4 /* brand.json */,
				EC28D56D29B60EF40033DEE4 /* category.json */,
				EC28D56B29B60EF40033DEE4 /* player.json */,
				EC28D56C29B60EF40033DEE4 /* product.json */,
			);
			path = Data;
			sourceTree = "<group>";
		};
		EC28D57429B60FCF0033DEE4 /* App */ = {
			isa = PBXGroup;
			children = (
				EC28D55C29B60DCD0033DEE4 /* TouchdownApp.swift */,
				EC28D55E29B60DCD0033DEE4 /* ContentView.swift */,
				EC2579CD29B754D6003A158F /* ProductDetailView.swift */,
			);
			path = App;
			sourceTree = "<group>";
		};
		EC28D57529B60FD90033DEE4 /* View */ = {
			isa = PBXGroup;
			children = (
				EC28D57729B60FEA0033DEE4 /* Detail */,
				EC28D57629B60FE20033DEE4 /* Home */,
			);
			path = View;
			sourceTree = "<group>";
		};
		EC28D57629B60FE20033DEE4 /* Home */ = {
			isa = PBXGroup;
			children = (
				EC2579A929B6198D003A158F /* FooterView.swift */,
				EC2579AB29B61E32003A158F /* NavigationBarView.swift */,
				EC2579AD29B61FB5003A158F /* LogoView.swift */,
				EC2579B329B62576003A158F /* FeaturedItemView.swift */,
				EC2579B529B626E5003A158F /* FeaturedTabView.swift */,
				EC2579B929B6982D003A158F /* CategoryitemVIew.swift */,
				EC2579BB29B69A5D003A158F /* CategoryGridView.swift */,
				EC2579BD29B69E93003A158F /* SectionView.swift */,
				EC2579BF29B6A262003A158F /* TitleView.swift */,
				EC2579C529B6A3EE003A158F /* ProductItemView.swift */,
				EC2579C929B6AFA6003A158F /* BrandItemView.swift */,
				EC2579CB29B6B06E003A158F /* BrandGridView.swift */,
			);
			path = Home;
			sourceTree = "<group>";
		};
		EC28D57729B60FEA0033DEE4 /* Detail */ = {
			isa = PBXGroup;
			children = (
				EC2579CF29B75653003A158F /* NavigationBarDetailView.swift */,
				EC2579D129B75741003A158F /* HeaderDetailView.swift */,
				EC2579D329B75A5A003A158F /* TopBarDetailView.swift */,
				EC2579D729B77DB1003A158F /* RatingsSizesDetailView.swift */,
				EC2579D929B78491003A158F /* QantityFavoriteDetailVIew.swift */,
				EC2579DB29B78BC1003A158F /* AddToCardDetailView.swift */,
			);
			path = Detail;
			sourceTree = "<group>";
		};
		EC28D57829B60FF80033DEE4 /* Model */ = {
			isa = PBXGroup;
			children = (
				EC2579C729B6AF49003A158F /* BrandModel.swift */,
				EC2579AF29B624EC003A158F /* PlayerModel.swift */,
				EC2579B729B696CF003A158F /* CategoryModel.swift */,
				EC2579C329B6A369003A158F /* ProductModel.swift */,
			);
			path = Model;
			sourceTree = "<group>";
		};
		EC28D57929B60FFE0033DEE4 /* Extension */ = {
			isa = PBXGroup;
			children = (
				EC2579B129B6252F003A158F /* CodableBundleExtension.swift */,
			);
			path = Extension;
			sourceTree = "<group>";
		};
		EC28D57A29B610050033DEE4 /* Utility */ = {
			isa = PBXGroup;
			children = (
				EC28D57B29B610710033DEE4 /* Constant.swift */,
				EC2579D529B773E0003A158F /* CustomShape.swift */,
				EC2579DD29B7DB7F003A158F /* Shop.swift */,
			);
			path = Utility;
			sourceTree = "<group>";
		};
/* End PBXGroup section */

/* Begin PBXNativeTarget section */
		EC28D55829B60DCD0033DEE4 /* Touchdown */ = {
			isa = PBXNativeTarget;
			buildConfigurationList = EC28D56729B60DCF0033DEE4 /* Build configuration list for PBXNativeTarget "Touchdown" */;
			buildPhases = (
				EC28D55529B60DCD0033DEE4 /* Sources */,
				EC28D55629B60DCD0033DEE4 /* Frameworks */,
				EC28D55729B60DCD0033DEE4 /* Resources */,
			);
			buildRules = (
			);
			dependencies = (
			);
			name = Touchdown;
			productName = Touchdown;
			productReference = EC28D55929B60DCD0033DEE4 /* Touchdown.app */;
			productType = "com.apple.product-type.application";
		};
/* End PBXNativeTarget section */

/* Begin PBXProject section */
		EC28D55129B60DCD0033DEE4 /* Project object */ = {
			isa = PBXProject;
			attributes = {
				BuildIndependentTargetsInParallel = 1;
				LastSwiftUpdateCheck = 1420;
				LastUpgradeCheck = 1420;
				TargetAttributes = {
					EC28D55829B60DCD0033DEE4 = {
						CreatedOnToolsVersion = 14.2;
					};
				};
			};
			buildConfigurationList = EC28D55429B60DCD0033DEE4 /* Build configuration list for PBXProject "Touchdown" */;
			compatibilityVersion = "Xcode 14.0";
			developmentRegion = en;
			hasScannedForEncodings = 0;
			knownRegions = (
				en,
				Base,
			);
			mainGroup = EC28D55029B60DCD0033DEE4;
			productRefGroup = EC28D55A29B60DCD0033DEE4 /* Products */;
			projectDirPath = "";
			projectRoot = "";
			targets = (
				EC28D55829B60DCD0033DEE4 /* Touchdown */,
			);
		};
/* End PBXProject section */

/* Begin PBXResourcesBuildPhase section */
		EC28D55729B60DCD0033DEE4 /* Resources */ = {
			isa = PBXResourcesBuildPhase;
			buildActionMask = 2147483647;
			files = (
				EC28D56F29B60EF50033DEE4 /* player.json in Resources */,
				EC28D57029B60EF50033DEE4 /* product.json in Resources */,
				EC28D57129B60EF50033DEE4 /* category.json in Resources */,
				EC28D56429B60DCF0033DEE4 /* Preview Assets.xcassets in Resources */,
				EC28D56129B60DCF0033DEE4 /* Assets.xcassets in Resources */,
				EC28D57229B60EF50033DEE4 /* brand.json in Resources */,
			);
			runOnlyForDeploymentPostprocessing = 0;
		};
/* End PBXResourcesBuildPhase section */

/* Begin PBXSourcesBuildPhase section */
		EC28D55529B60DCD0033DEE4 /* Sources */ = {
			isa = PBXSourcesBuildPhase;
			buildActionMask = 2147483647;
			files = (
				EC2579DA29B78491003A158F /* QantityFavoriteDetailVIew.swift in Sources */,
				EC2579B229B6252F003A158F /* CodableBundleExtension.swift in Sources */,
				EC2579D229B75741003A158F /* HeaderDetailView.swift in Sources */,
				EC2579BA29B6982D003A158F /* CategoryitemVIew.swift in Sources */,
				EC28D55F29B60DCD0033DEE4 /* ContentView.swift in Sources */,
				EC2579AE29B61FB5003A158F /* LogoView.swift in Sources */,
				EC2579AA29B6198D003A158F /* FooterView.swift in Sources */,
				EC2579C629B6A3EE003A158F /* ProductItemView.swift in Sources */,
				EC2579DC29B78BC1003A158F /* AddToCardDetailView.swift in Sources */,
				EC2579B429B62576003A158F /* FeaturedItemView.swift in Sources */,
				EC28D55D29B60DCD0033DEE4 /* TouchdownApp.swift in Sources */,
				EC2579D829B77DB1003A158F /* RatingsSizesDetailView.swift in Sources */,
				EC2579CE29B754D6003A158F /* ProductDetailView.swift in Sources */,
				EC2579D029B75653003A158F /* NavigationBarDetailView.swift in Sources */,
				EC2579BC29B69A5D003A158F /* CategoryGridView.swift in Sources */,
				EC28D57C29B610710033DEE4 /* Constant.swift in Sources */,
				EC2579CC29B6B06E003A158F /* BrandGridView.swift in Sources */,
				EC2579B829B696CF003A158F /* CategoryModel.swift in Sources */,
				EC2579BE29B69E93003A158F /* SectionView.swift in Sources */,
				EC2579CA29B6AFA6003A158F /* BrandItemView.swift in Sources */,
				EC2579AC29B61E32003A158F /* NavigationBarView.swift in Sources */,
				EC2579B629B626E5003A158F /* FeaturedTabView.swift in Sources */,
				EC2579B029B624EC003A158F /* PlayerModel.swift in Sources */,
				EC2579D629B773E0003A158F /* CustomShape.swift in Sources */,
				EC2579DE29B7DB7F003A158F /* Shop.swift in Sources */,
				EC2579C829B6AF49003A158F /* BrandModel.swift in Sources */,
				EC2579C029B6A262003A158F /* TitleView.swift in Sources */,
				EC2579C429B6A369003A158F /* ProductModel.swift in Sources */,
				EC2579D429B75A5A003A158F /* TopBarDetailView.swift in Sources */,
			);
			runOnlyForDeploymentPostprocessing = 0;
		};
/* End PBXSourcesBuildPhase section */

/* Begin XCBuildConfiguration section */
		EC28D56529B60DCF0033DEE4 /* Debug */ = {
			isa = XCBuildConfiguration;
			buildSettings = {
				ALWAYS_SEARCH_USER_PATHS = NO;
				CLANG_ANALYZER_NONNULL = YES;
				CLANG_ANALYZER_NUMBER_OBJECT_CONVERSION = YES_AGGRESSIVE;
				CLANG_CXX_LANGUAGE_STANDARD = "gnu++20";
				CLANG_ENABLE_MODULES = YES;
				CLANG_ENABLE_OBJC_ARC = YES;
				CLANG_ENABLE_OBJC_WEAK = YES;
				CLANG_WARN_BLOCK_CAPTURE_AUTORELEASING = YES;
				CLANG_WARN_BOOL_CONVERSION = YES;
				CLANG_WARN_COMMA = YES;
				CLANG_WARN_CONSTANT_CONVERSION = YES;
				CLANG_WARN_DEPRECATED_OBJC_IMPLEMENTATIONS = YES;
				CLANG_WARN_DIRECT_OBJC_ISA_USAGE = YES_ERROR;
				CLANG_WARN_DOCUMENTATION_COMMENTS = YES;
				CLANG_WARN_EMPTY_BODY = YES;
				CLANG_WARN_ENUM_CONVERSION = YES;
				CLANG_WARN_INFINITE_RECURSION = YES;
				CLANG_WARN_INT_CONVERSION = YES;
				CLANG_WARN_NON_LITERAL_NULL_CONVERSION = YES;
				CLANG_WARN_OBJC_IMPLICIT_RETAIN_SELF = YES;
				CLANG_WARN_OBJC_LITERAL_CONVERSION = YES;
				CLANG_WARN_OBJC_ROOT_CLASS = YES_ERROR;
				CLANG_WARN_QUOTED_INCLUDE_IN_FRAMEWORK_HEADER = YES;
				CLANG_WARN_RANGE_LOOP_ANALYSIS = YES;
				CLANG_WARN_STRICT_PROTOTYPES = YES;
				CLANG_WARN_SUSPICIOUS_MOVE = YES;
				CLANG_WARN_UNGUARDED_AVAILABILITY = YES_AGGRESSIVE;
				CLANG_WARN_UNREACHABLE_CODE = YES;
				CLANG_WARN__DUPLICATE_METHOD_MATCH = YES;
				COPY_PHASE_STRIP = NO;
				DEBUG_INFORMATION_FORMAT = dwarf;
				ENABLE_STRICT_OBJC_MSGSEND = YES;
				ENABLE_TESTABILITY = YES;
				GCC_C_LANGUAGE_STANDARD = gnu11;
				GCC_DYNAMIC_NO_PIC = NO;
				GCC_NO_COMMON_BLOCKS = YES;
				GCC_OPTIMIZATION_LEVEL = 0;
				GCC_PREPROCESSOR_DEFINITIONS = (
					"DEBUG=1",
					"$(inherited)",
				);
				GCC_WARN_64_TO_32_BIT_CONVERSION = YES;
				GCC_WARN_ABOUT_RETURN_TYPE = YES_ERROR;
				GCC_WARN_UNDECLARED_SELECTOR = YES;
				GCC_WARN_UNINITIALIZED_AUTOS = YES_AGGRESSIVE;
				GCC_WARN_UNUSED_FUNCTION = YES;
				GCC_WARN_UNUSED_VARIABLE = YES;
				IPHONEOS_DEPLOYMENT_TARGET = 16.2;
				MTL_ENABLE_DEBUG_INFO = INCLUDE_SOURCE;
				MTL_FAST_MATH = YES;
				ONLY_ACTIVE_ARCH = YES;
				SDKROOT = iphoneos;
				SWIFT_ACTIVE_COMPILATION_CONDITIONS = DEBUG;
				SWIFT_OPTIMIZATION_LEVEL = "-Onone";
			};
			name = Debug;
		};
		EC28D56629B60DCF0033DEE4 /* Release */ = {
			isa = XCBuildConfiguration;
			buildSettings = {
				ALWAYS_SEARCH_USER_PATHS = NO;
				CLANG_ANALYZER_NONNULL = YES;
				CLANG_ANALYZER_NUMBER_OBJECT_CONVERSION = YES_AGGRESSIVE;
				CLANG_CXX_LANGUAGE_STANDARD = "gnu++20";
				CLANG_ENABLE_MODULES = YES;
				CLANG_ENABLE_OBJC_ARC = YES;
				CLANG_ENABLE_OBJC_WEAK = YES;
				CLANG_WARN_BLOCK_CAPTURE_AUTORELEASING = YES;
				CLANG_WARN_BOOL_CONVERSION = YES;
				CLANG_WARN_COMMA = YES;
				CLANG_WARN_CONSTANT_CONVERSION = YES;
				CLANG_WARN_DEPRECATED_OBJC_IMPLEMENTATIONS = YES;
				CLANG_WARN_DIRECT_OBJC_ISA_USAGE = YES_ERROR;
				CLANG_WARN_DOCUMENTATION_COMMENTS = YES;
				CLANG_WARN_EMPTY_BODY = YES;
				CLANG_WARN_ENUM_CONVERSION = YES;
				CLANG_WARN_INFINITE_RECURSION = YES;
				CLANG_WARN_INT_CONVERSION = YES;
				CLANG_WARN_NON_LITERAL_NULL_CONVERSION = YES;
				CLANG_WARN_OBJC_IMPLICIT_RETAIN_SELF = YES;
				CLANG_WARN_OBJC_LITERAL_CONVERSION = YES;
				CLANG_WARN_OBJC_ROOT_CLASS = YES_ERROR;
				CLANG_WARN_QUOTED_INCLUDE_IN_FRAMEWORK_HEADER = YES;
				CLANG_WARN_RANGE_LOOP_ANALYSIS = YES;
				CLANG_WARN_STRICT_PROTOTYPES = YES;
				CLANG_WARN_SUSPICIOUS_MOVE = YES;
				CLANG_WARN_UNGUARDED_AVAILABILITY = YES_AGGRESSIVE;
				CLANG_WARN_UNREACHABLE_CODE = YES;
				CLANG_WARN__DUPLICATE_METHOD_MATCH = YES;
				COPY_PHASE_STRIP = NO;
				DEBUG_INFORMATION_FORMAT = "dwarf-with-dsym";
				ENABLE_NS_ASSERTIONS = NO;
				ENABLE_STRICT_OBJC_MSGSEND = YES;
				GCC_C_LANGUAGE_STANDARD = gnu11;
				GCC_NO_COMMON_BLOCKS = YES;
				GCC_WARN_64_TO_32_BIT_CONVERSION = YES;
				GCC_WARN_ABOUT_RETURN_TYPE = YES_ERROR;
				GCC_WARN_UNDECLARED_SELECTOR = YES;
				GCC_WARN_UNINITIALIZED_AUTOS = YES_AGGRESSIVE;
				GCC_WARN_UNUSED_FUNCTION = YES;
				GCC_WARN_UNUSED_VARIABLE = YES;
				IPHONEOS_DEPLOYMENT_TARGET = 16.2;
				MTL_ENABLE_DEBUG_INFO = NO;
				MTL_FAST_MATH = YES;
				SDKROOT = iphoneos;
				SWIFT_COMPILATION_MODE = wholemodule;
				SWIFT_OPTIMIZATION_LEVEL = "-O";
				VALIDATE_PRODUCT = YES;
			};
			name = Release;
		};
		EC28D56829B60DCF0033DEE4 /* Debug */ = {
			isa = XCBuildConfiguration;
			buildSettings = {
				ASSETCATALOG_COMPILER_APPICON_NAME = AppIcon;
				ASSETCATALOG_COMPILER_GLOBAL_ACCENT_COLOR_NAME = AccentColor;
				CODE_SIGN_STYLE = Automatic;
				CURRENT_PROJECT_VERSION = 1;
				DEVELOPMENT_ASSET_PATHS = "\"Touchdown/Preview Content\"";
				ENABLE_PREVIEWS = YES;
				GENERATE_INFOPLIST_FILE = YES;
				INFOPLIST_FILE = Touchdown/Info.plist;
				INFOPLIST_KEY_UIApplicationSceneManifest_Generation = YES;
				INFOPLIST_KEY_UIApplicationSupportsIndirectInputEvents = YES;
				INFOPLIST_KEY_UISupportedInterfaceOrientations = UIInterfaceOrientationPortrait;
				INFOPLIST_KEY_UIUserInterfaceStyle = Light;
				LD_RUNPATH_SEARCH_PATHS = (
					"$(inherited)",
					"@executable_path/Frameworks",
				);
				MARKETING_VERSION = 1.0;
				PRODUCT_BUNDLE_IDENTIFIER = com.amr.Touchdown;
				PRODUCT_NAME = "$(TARGET_NAME)";
				SWIFT_EMIT_LOC_STRINGS = YES;
				SWIFT_VERSION = 5.0;
				TARGETED_DEVICE_FAMILY = "1,2";
			};
			name = Debug;
		};
		EC28D56929B60DCF0033DEE4 /* Release */ = {
			isa = XCBuildConfiguration;
			buildSettings = {
				ASSETCATALOG_COMPILER_APPICON_NAME = AppIcon;
				ASSETCATALOG_COMPILER_GLOBAL_ACCENT_COLOR_NAME = AccentColor;
				CODE_SIGN_STYLE = Automatic;
				CURRENT_PROJECT_VERSION = 1;
				DEVELOPMENT_ASSET_PATHS = "\"Touchdown/Preview Content\"";
				ENABLE_PREVIEWS = YES;
				GENERATE_INFOPLIST_FILE = YES;
				INFOPLIST_FILE = Touchdown/Info.plist;
				INFOPLIST_KEY_UIApplicationSceneManifest_Generation = YES;
				INFOPLIST_KEY_UIApplicationSupportsIndirectInputEvents = YES;
				INFOPLIST_KEY_UISupportedInterfaceOrientations = UIInterfaceOrientationPortrait;
				INFOPLIST_KEY_UIUserInterfaceStyle = Light;
				LD_RUNPATH_SEARCH_PATHS = (
					"$(inherited)",
					"@executable_path/Frameworks",
				);
				MARKETING_VERSION = 1.0;
				PRODUCT_BUNDLE_IDENTIFIER = com.amr.Touchdown;
				PRODUCT_NAME = "$(TARGET_NAME)";
				SWIFT_EMIT_LOC_STRINGS = YES;
				SWIFT_VERSION = 5.0;
				TARGETED_DEVICE_FAMILY = "1,2";
			};
			name = Release;
		};
/* End XCBuildConfiguration section */

/* Begin XCConfigurationList section */
		EC28D55429B60DCD0033DEE4 /* Build configuration list for PBXProject "Touchdown" */ = {
			isa = XCConfigurationList;
			buildConfigurations = (
				EC28D56529B60DCF0033DEE4 /* Debug */,
				EC28D56629B60DCF0033DEE4 /* Release */,
			);
			defaultConfigurationIsVisible = 0;
			defaultConfigurationName = Release;
		};
		EC28D56729B60DCF0033DEE4 /* Build configuration list for PBXNativeTarget "Touchdown" */ = {
			isa = XCConfigurationList;
			buildConfigurations = (
				EC28D56829B60DCF0033DEE4 /* Debug */,
				EC28D56929B60DCF0033DEE4 /* Release */,
			);
			defaultConfigurationIsVisible = 0;
			defaultConfigurationName = Release;
		};
/* End XCConfigurationList section */
	};
	rootObject = EC28D55129B60DCD0033DEE4 /* Project object */;
}
